github.com/SebastiaanKlippert/go-wkhtmltopdf v1.6.0 h1:Rq8F5akx2Mpj5BehnEdrE3QdFV1pEvaSeB4bm1Z66Ho=
github.com/SebastiaanKlippert/go-wkhtmltopdf v1.6.0/go.mod h1:zRBvVJtIfhaWvQ9lPIkXrtona4qqSmjZ1HfKvq4dQzI=
github.com/gorilla/mux v1.8.0 h1:i40aqfkR1h2SlN9hojwV5ZA91wcXFOvkdNIeFDP5koI=
github.com/gorilla/mux v1.8.0/go.mod h1:DVbg23sWSpFRCP0SfiEN6jmj59UnW/n46BH5rLB71So=
